
Microsoft Visual Studio Solution File, Format Version 12.00
# Visual Studio 15
VisualStudioVersion = 15.0.28307.1738
MinimumVisualStudioVersion = 10.0.40219.1
Project("{159641D6-6404-4A2A-AE62-294DE0FE8301}") = "SSIS_StartUpExpansion", "SSIS_StartUpExpansion\SSIS_StartUpExpansion.dtproj", "{A14322F1-DB19-4B84-9FD4-4A3E5F19C651}"
EndProject
Global
	GlobalSection(SolutionConfigurationPlatforms) = preSolution
		Development|Default = Development|Default
	EndGlobalSection
	GlobalSection(ProjectConfigurationPlatforms) = postSolution
		{A14322F1-DB19-4B84-9FD4-4A3E5F19C651}.Development|Default.ActiveCfg = Development
		{A14322F1-DB19-4B84-9FD4-4A3E5F19C651}.Development|Default.Build.0 = Development
	EndGlobalSection
	GlobalSection(SolutionProperties) = preSolution
		HideSolutionNode = FALSE
	EndGlobalSection
	GlobalSection(ExtensibilityGlobals) = postSolution
		SolutionGuid = {35842FC8-8B4E-4A90-BF82-4D208B7E334A}
	EndGlobalSection
EndGlobal
